
Microsoft Visual Studio Solution File, Format Version 12.00
# Visual Studio Version 17
VisualStudioVersion = 17.5.002.0
MinimumVisualStudioVersion = 10.0.40219.1
Project("{9A19103F-16F7-4668-BE54-9A1E7A4F7556}") = "Ilmhub.Demo.Sdk", "Ilmhub.Demo.Sdk.csproj", "{78A6B103-3268-4E7E-A021-D951659C174B}"
EndProject
Global
	GlobalSection(SolutionConfigurationPlatforms) = preSolution
		Debug|Any CPU = Debug|Any CPU
		Release|Any CPU = Release|Any CPU
	EndGlobalSection
	GlobalSection(ProjectConfigurationPlatforms) = postSolution
		{78A6B103-3268-4E7E-A021-D951659C174B}.Debug|Any CPU.ActiveCfg = Debug|Any CPU
		{78A6B103-3268-4E7E-A021-D951659C174B}.Debug|Any CPU.Build.0 = Debug|Any CPU
		{78A6B103-3268-4E7E-A021-D951659C174B}.Release|Any CPU.ActiveCfg = Release|Any CPU
		{78A6B103-3268-4E7E-A021-D951659C174B}.Release|Any CPU.Build.0 = Release|Any CPU
	EndGlobalSection
	GlobalSection(SolutionProperties) = preSolution
		HideSolutionNode = FALSE
	EndGlobalSection
	GlobalSection(ExtensibilityGlobals) = postSolution
		SolutionGuid = {7AD2A6C6-A05F-4DD4-AF67-AA78A0CBDDA6}
	EndGlobalSection
EndGlobal
